
Microsoft Visual Studio Solution File, Format Version 12.00
# Visual Studio Version 17
VisualStudioVersion = 17.12.36631.10
MinimumVisualStudioVersion = 10.0.40219.1
Project("{8BC9CEB8-8B4A-11D0-8D11-00A0C91BC942}") = "ImageClientCpp", "ImageClientCpp\ImageClientCpp.vcxproj", "{F44E3F95-AF10-4C06-A246-4292278771AB}"
	ProjectSection(ProjectDependencies) = postProject
		{07CD9931-6B67-48BB-81A3-5BFFDFDB2A41} = {07CD9931-6B67-48BB-81A3-5BFFDFDB2A41}
		{FC057D3F-1FE0-44F4-B7CD-EDFE92BADF46} = {FC057D3F-1FE0-44F4-B7CD-EDFE92BADF46}
	EndProjectSection
EndProject
Project("{8BC9CEB8-8B4A-11D0-8D11-00A0C91BC942}") = "ImageSourceProxy", "ImageSourceProxy\ImageSourceProxy.vcxproj", "{FC057D3F-1FE0-44F4-B7CD-EDFE92BADF46}"
EndProject
Project("{8BC9CEB8-8B4A-11D0-8D11-00A0C91BC942}") = "ImageSource", "ImageSource\ImageSource.vcxproj", "{07CD9931-6B67-48BB-81A3-5BFFDFDB2A41}"
	ProjectSection(ProjectDependencies) = postProject
		{FC057D3F-1FE0-44F4-B7CD-EDFE92BADF46} = {FC057D3F-1FE0-44F4-B7CD-EDFE92BADF46}
	EndProjectSection
EndProject
Project("{8BC9CEB8-8B4A-11D0-8D11-00A0C91BC942}") = "UnitTests", "UnitTests\UnitTests.vcxproj", "{EDA2C7A6-9AD3-4699-9257-36986C872862}"
EndProject
Project("{2150E333-8FDC-42A3-9474-1A3956D46DE8}") = "Solution Items", "Solution Items", "{80674346-9AD0-45AD-A3C7-35F46B609207}"
	ProjectSection(SolutionItems) = preProject
		README.md = README.md
		UNREGISTER_ALL.bat = UNREGISTER_ALL.bat
	EndProjectSection
EndProject
Project("{FAE04EC0-301F-11D3-BF4B-00C04F79EFBC}") = "ImageClientCs", "ImageClientCs\ImageClientCs.csproj", "{4B9F3A4E-9D65-4A9C-8B6A-0D84659C97B6}"
EndProject
Global
	GlobalSection(SolutionConfigurationPlatforms) = preSolution
		Debug|x64 = Debug|x64
		Release|x64 = Release|x64
	EndGlobalSection
	GlobalSection(ProjectConfigurationPlatforms) = postSolution
		{F44E3F95-AF10-4C06-A246-4292278771AB}.Debug|x64.ActiveCfg = Debug|x64
		{F44E3F95-AF10-4C06-A246-4292278771AB}.Debug|x64.Build.0 = Debug|x64
		{F44E3F95-AF10-4C06-A246-4292278771AB}.Release|x64.ActiveCfg = Release|x64
		{F44E3F95-AF10-4C06-A246-4292278771AB}.Release|x64.Build.0 = Release|x64
		{FC057D3F-1FE0-44F4-B7CD-EDFE92BADF46}.Debug|x64.ActiveCfg = Debug|x64
		{FC057D3F-1FE0-44F4-B7CD-EDFE92BADF46}.Debug|x64.Build.0 = Debug|x64
		{FC057D3F-1FE0-44F4-B7CD-EDFE92BADF46}.Release|x64.ActiveCfg = Release|x64
		{FC057D3F-1FE0-44F4-B7CD-EDFE92BADF46}.Release|x64.Build.0 = Release|x64
		{07CD9931-6B67-48BB-81A3-5BFFDFDB2A41}.Debug|x64.ActiveCfg = Debug|x64
		{07CD9931-6B67-48BB-81A3-5BFFDFDB2A41}.Debug|x64.Build.0 = Debug|x64
		{07CD9931-6B67-48BB-81A3-5BFFDFDB2A41}.Release|x64.ActiveCfg = Release|x64
		{07CD9931-6B67-48BB-81A3-5BFFDFDB2A41}.Release|x64.Build.0 = Release|x64
		{EDA2C7A6-9AD3-4699-9257-36986C872862}.Debug|x64.ActiveCfg = Debug|x64
		{EDA2C7A6-9AD3-4699-9257-36986C872862}.Debug|x64.Build.0 = Debug|x64
		{EDA2C7A6-9AD3-4699-9257-36986C872862}.Release|x64.ActiveCfg = Release|x64
		{EDA2C7A6-9AD3-4699-9257-36986C872862}.Release|x64.Build.0 = Release|x64
		{4B9F3A4E-9D65-4A9C-8B6A-0D84659C97B6}.Debug|x64.ActiveCfg = Debug|x64
		{4B9F3A4E-9D65-4A9C-8B6A-0D84659C97B6}.Debug|x64.Build.0 = Debug|x64
		{4B9F3A4E-9D65-4A9C-8B6A-0D84659C97B6}.Release|x64.ActiveCfg = Release|x64
	EndGlobalSection
	GlobalSection(SolutionProperties) = preSolution
		HideSolutionNode = FALSE
	EndGlobalSection
	GlobalSection(ExtensibilityGlobals) = postSolution
		SolutionGuid = {5D63B46B-A8D0-49FC-9C14-F18FB5D56EBB}
	EndGlobalSection
EndGlobal
