<?xml version="1.0" encoding="utf-8"?>
<Project ToolsVersion="4.0" xmlns="http://schemas.microsoft.com/developer/msbuild/2003">
  <ItemGroup>
    <ClCompile Include="Main.cpp" />
    <ClCompile Include="DataHandle.cpp" />
    <ClCompile Include="DataCollection.cpp" />
  </ItemGroup>
  <ItemGroup>
    <ClInclude Include="Resource.h" />
    <ClInclude Include="ComSupport.hpp" />
    <ClInclude Include="SharedMem.hpp" />
    <ClInclude Include="SignalHandler.hpp" />
    <ClInclude Include="DataHandle.hpp" />
    <ClInclude Include="DataCollection.hpp" />
    <ClInclude Include="Security.hpp" />
  </ItemGroup>
  <ItemGroup>
    <Midl Include="TestComponent.idl" />
  </ItemGroup>
  <ItemGroup>
    <None Include="Module.def" />
    <None Include="AppID.rgs" />
    <None Include="DataHandle.rgs" />
    <None Include="DataCollection.rgs" />
  </ItemGroup>
  <ItemGroup>
    <ResourceCompile Include="TestComponent.rc" />
  </ItemGroup>
</Project>