<?xml version="1.0" encoding="utf-8"?>
<Project ToolsVersion="4.0" xmlns="http://schemas.microsoft.com/developer/msbuild/2003">
  <ItemGroup>
    <ClCompile Include="Main.cpp" />
    <ClCompile Include="ImageHandleProxy.cpp" />
    <ClCompile Include="SharedMem.cpp" />
  </ItemGroup>
  <ItemGroup>
    <ClInclude Include="Resource.h" />
    <ClInclude Include="ComSupport.hpp" />
    <ClInclude Include="SharedMem.hpp" />
    <ClInclude Include="ImageHandleProxy.hpp" />
    <ClInclude Include="MarshalImage.hpp" />
  </ItemGroup>
  <ItemGroup>
    <Midl Include="TestServerProxy.idl" />
  </ItemGroup>
  <ItemGroup>
    <None Include="Module.def" />
    <None Include="ImageHandleProxy.rgs" />
  </ItemGroup>
  <ItemGroup>
    <ResourceCompile Include="TestServerProxy.rc" />
  </ItemGroup>
</Project>